
Microsoft Visual Studio Solution File, Format Version 12.00
# Visual Studio Version 17
VisualStudioVersion = 17.11.35327.3
MinimumVisualStudioVersion = 10.0.40219.1
Project("{9A19103F-16F7-4668-BE54-9A1E7A4F7556}") = "Assert.API", "Assert.API\Assert.API.csproj", "{E5E2725A-A6FA-4C88-9E65-82CC145B3038}"
EndProject
Project("{9A19103F-16F7-4668-BE54-9A1E7A4F7556}") = "Assert.Domain", "Assert.Domain\Assert.Domain.csproj", "{1BF61DE1-26D9-43F5-8B9A-EEB286B87B78}"
EndProject
Project("{9A19103F-16F7-4668-BE54-9A1E7A4F7556}") = "Assert.Infrastructure", "Assert.Infrastructure\Assert.Infrastructure.csproj", "{B46411E1-06CD-4B56-94E6-CC4736C8580C}"
EndProject
Project("{9A19103F-16F7-4668-BE54-9A1E7A4F7556}") = "Assert.Application", "Assert.Application\Assert.Application.csproj", "{50EB771B-DA6B-453D-A129-C76324974D15}"
EndProject
Project("{9A19103F-16F7-4668-BE54-9A1E7A4F7556}") = "Assert.UnitTest", "Assert.UnitTest\Assert.UnitTest.csproj", "{6DD9FB28-1ED0-4678-B584-B68B5BD60859}"
EndProject
Project("{FAE04EC0-301F-11D3-BF4B-00C04F79EFBC}") = "Assert.Shared", "Assert.Shared\Assert.Shared.csproj", "{BC8FD1A7-28D7-4C8E-92EB-A8721063143B}"
EndProject
Global
	GlobalSection(SolutionConfigurationPlatforms) = preSolution
		Debug|Any CPU = Debug|Any CPU
		Release|Any CPU = Release|Any CPU
	EndGlobalSection
	GlobalSection(ProjectConfigurationPlatforms) = postSolution
		{E5E2725A-A6FA-4C88-9E65-82CC145B3038}.Debug|Any CPU.ActiveCfg = Debug|Any CPU
		{E5E2725A-A6FA-4C88-9E65-82CC145B3038}.Debug|Any CPU.Build.0 = Debug|Any CPU
		{E5E2725A-A6FA-4C88-9E65-82CC145B3038}.Release|Any CPU.ActiveCfg = Release|Any CPU
		{E5E2725A-A6FA-4C88-9E65-82CC145B3038}.Release|Any CPU.Build.0 = Release|Any CPU
		{1BF61DE1-26D9-43F5-8B9A-EEB286B87B78}.Debug|Any CPU.ActiveCfg = Debug|Any CPU
		{1BF61DE1-26D9-43F5-8B9A-EEB286B87B78}.Debug|Any CPU.Build.0 = Debug|Any CPU
		{1BF61DE1-26D9-43F5-8B9A-EEB286B87B78}.Release|Any CPU.ActiveCfg = Release|Any CPU
		{1BF61DE1-26D9-43F5-8B9A-EEB286B87B78}.Release|Any CPU.Build.0 = Release|Any CPU
		{B46411E1-06CD-4B56-94E6-CC4736C8580C}.Debug|Any CPU.ActiveCfg = Debug|Any CPU
		{B46411E1-06CD-4B56-94E6-CC4736C8580C}.Debug|Any CPU.Build.0 = Debug|Any CPU
		{B46411E1-06CD-4B56-94E6-CC4736C8580C}.Release|Any CPU.ActiveCfg = Release|Any CPU
		{B46411E1-06CD-4B56-94E6-CC4736C8580C}.Release|Any CPU.Build.0 = Release|Any CPU
		{50EB771B-DA6B-453D-A129-C76324974D15}.Debug|Any CPU.ActiveCfg = Debug|Any CPU
		{50EB771B-DA6B-453D-A129-C76324974D15}.Debug|Any CPU.Build.0 = Debug|Any CPU
		{50EB771B-DA6B-453D-A129-C76324974D15}.Release|Any CPU.ActiveCfg = Release|Any CPU
		{50EB771B-DA6B-453D-A129-C76324974D15}.Release|Any CPU.Build.0 = Release|Any CPU
		{6DD9FB28-1ED0-4678-B584-B68B5BD60859}.Debug|Any CPU.ActiveCfg = Debug|Any CPU
		{6DD9FB28-1ED0-4678-B584-B68B5BD60859}.Debug|Any CPU.Build.0 = Debug|Any CPU
		{6DD9FB28-1ED0-4678-B584-B68B5BD60859}.Release|Any CPU.ActiveCfg = Release|Any CPU
		{6DD9FB28-1ED0-4678-B584-B68B5BD60859}.Release|Any CPU.Build.0 = Release|Any CPU
		{BC8FD1A7-28D7-4C8E-92EB-A8721063143B}.Debug|Any CPU.ActiveCfg = Debug|Any CPU
		{BC8FD1A7-28D7-4C8E-92EB-A8721063143B}.Debug|Any CPU.Build.0 = Debug|Any CPU
		{BC8FD1A7-28D7-4C8E-92EB-A8721063143B}.Release|Any CPU.ActiveCfg = Release|Any CPU
		{BC8FD1A7-28D7-4C8E-92EB-A8721063143B}.Release|Any CPU.Build.0 = Release|Any CPU
	EndGlobalSection
	GlobalSection(SolutionProperties) = preSolution
		HideSolutionNode = FALSE
	EndGlobalSection
	GlobalSection(ExtensibilityGlobals) = postSolution
		SolutionGuid = {4B5E8682-304F-419E-B6F9-84A062FB5C65}
	EndGlobalSection
EndGlobal
